
Microsoft Visual Studio Solution File, Format Version 12.00
# Visual Studio 2013
VisualStudioVersion = 12.0.31101.0
MinimumVisualStudioVersion = 10.0.40219.1
Project("{FAE04EC0-301F-11D3-BF4B-00C04F79EFBC}") = "TombolaGames.CMD", "TombolaGames.CMD\TombolaGames.CMD.csproj", "{B224B024-F190-458A-AFCA-A6D77E6853C0}"
EndProject
Project("{FAE04EC0-301F-11D3-BF4B-00C04F79EFBC}") = "Games.Core", "Games.Core\Games.Core.csproj", "{0392CFCF-E55A-4CDF-BB84-AB84178A6DCD}"
EndProject
Project("{FAE04EC0-301F-11D3-BF4B-00C04F79EFBC}") = "Games.Connect4", "Games.Connect4\Games.Connect4.csproj", "{362BFEC4-B522-4896-9BB1-E8C5032E2C55}"
EndProject
Project("{FAE04EC0-301F-11D3-BF4B-00C04F79EFBC}") = "Games.Connect4.Tests", "Games.Connect4.Tests\Games.Connect4.Tests.csproj", "{83117302-7ECC-49AE-87F2-A7E8BC209E79}"
EndProject
Global
	GlobalSection(SolutionConfigurationPlatforms) = preSolution
		Debug|Any CPU = Debug|Any CPU
		Release|Any CPU = Release|Any CPU
	EndGlobalSection
	GlobalSection(ProjectConfigurationPlatforms) = postSolution
		{B224B024-F190-458A-AFCA-A6D77E6853C0}.Debug|Any CPU.ActiveCfg = Debug|Any CPU
		{B224B024-F190-458A-AFCA-A6D77E6853C0}.Debug|Any CPU.Build.0 = Debug|Any CPU
		{B224B024-F190-458A-AFCA-A6D77E6853C0}.Release|Any CPU.ActiveCfg = Release|Any CPU
		{B224B024-F190-458A-AFCA-A6D77E6853C0}.Release|Any CPU.Build.0 = Release|Any CPU
		{0392CFCF-E55A-4CDF-BB84-AB84178A6DCD}.Debug|Any CPU.ActiveCfg = Debug|Any CPU
		{0392CFCF-E55A-4CDF-BB84-AB84178A6DCD}.Debug|Any CPU.Build.0 = Debug|Any CPU
		{0392CFCF-E55A-4CDF-BB84-AB84178A6DCD}.Release|Any CPU.ActiveCfg = Release|Any CPU
		{0392CFCF-E55A-4CDF-BB84-AB84178A6DCD}.Release|Any CPU.Build.0 = Release|Any CPU
		{362BFEC4-B522-4896-9BB1-E8C5032E2C55}.Debug|Any CPU.ActiveCfg = Debug|Any CPU
		{362BFEC4-B522-4896-9BB1-E8C5032E2C55}.Debug|Any CPU.Build.0 = Debug|Any CPU
		{362BFEC4-B522-4896-9BB1-E8C5032E2C55}.Release|Any CPU.ActiveCfg = Release|Any CPU
		{362BFEC4-B522-4896-9BB1-E8C5032E2C55}.Release|Any CPU.Build.0 = Release|Any CPU
		{83117302-7ECC-49AE-87F2-A7E8BC209E79}.Debug|Any CPU.ActiveCfg = Debug|Any CPU
		{83117302-7ECC-49AE-87F2-A7E8BC209E79}.Debug|Any CPU.Build.0 = Debug|Any CPU
		{83117302-7ECC-49AE-87F2-A7E8BC209E79}.Release|Any CPU.ActiveCfg = Release|Any CPU
		{83117302-7ECC-49AE-87F2-A7E8BC209E79}.Release|Any CPU.Build.0 = Release|Any CPU
	EndGlobalSection
	GlobalSection(SolutionProperties) = preSolution
		HideSolutionNode = FALSE
	EndGlobalSection
EndGlobal
